// !$*UTF8*$!
{
	archiveVersion = 1;
	classes = {
	};
	objectVersion = 46;
	objects = {

/* Begin PBXBuildFile section */
		6319A67114263D590035EB18 /* UIKit.framework in Frameworks */ = {isa = PBXBuildFile; fileRef = 6319A67014263D590035EB18 /* UIKit.framework */; };
		6319A67314263D590035EB18 /* Foundation.framework in Frameworks */ = {isa = PBXBuildFile; fileRef = 6319A67214263D590035EB18 /* Foundation.framework */; };
		6319A67514263D590035EB18 /* CoreGraphics.framework in Frameworks */ = {isa = PBXBuildFile; fileRef = 6319A67414263D590035EB18 /* CoreGraphics.framework */; };
		6319A67B14263D590035EB18 /* InfoPlist.strings in Resources */ = {isa = PBXBuildFile; fileRef = 6319A67914263D590035EB18 /* InfoPlist.strings */; };
		6319A67D14263D590035EB18 /* main.m in Sources */ = {isa = PBXBuildFile; fileRef = 6319A67C14263D590035EB18 /* main.m */; };
		6319A68114263D590035EB18 /* iRowAppDelegate.m in Sources */ = {isa = PBXBuildFile; fileRef = 6319A68014263D590035EB18 /* iRowAppDelegate.m */; };
		6319A68414263D590035EB18 /* ErgometerViewController.m in Sources */ = {isa = PBXBuildFile; fileRef = 6319A68314263D590035EB18 /* ErgometerViewController.m */; };
		6319A68614263D590035EB18 /* first.png in Resources */ = {isa = PBXBuildFile; fileRef = 6319A68514263D590035EB18 /* first.png */; };
		6319A68814263D590035EB18 /* first@2x.png in Resources */ = {isa = PBXBuildFile; fileRef = 6319A68714263D590035EB18 /* first@2x.png */; };
		6319A68B14263D590035EB18 /* MapViewController.m in Sources */ = {isa = PBXBuildFile; fileRef = 6319A68A14263D590035EB18 /* MapViewController.m */; };
		6319A68D14263D590035EB18 /* second.png in Resources */ = {isa = PBXBuildFile; fileRef = 6319A68C14263D590035EB18 /* second.png */; };
		6319A68F14263D590035EB18 /* second@2x.png in Resources */ = {isa = PBXBuildFile; fileRef = 6319A68E14263D590035EB18 /* second@2x.png */; };
		6319A69214263D590035EB18 /* ErgometerViewController.xib in Resources */ = {isa = PBXBuildFile; fileRef = 6319A69014263D590035EB18 /* ErgometerViewController.xib */; };
		6319A69514263D590035EB18 /* MapViewController.xib in Resources */ = {isa = PBXBuildFile; fileRef = 6319A69314263D590035EB18 /* MapViewController.xib */; };
		634A7F69142647270001BF57 /* CoreLocation.framework in Frameworks */ = {isa = PBXBuildFile; fileRef = 634A7F68142647270001BF57 /* CoreLocation.framework */; };
		634A7F711427311F0001BF57 /* Track.m in Sources */ = {isa = PBXBuildFile; fileRef = 634A7F701427311F0001BF57 /* Track.m */; };
		634A7F781427564C0001BF57 /* MapKit.framework in Frameworks */ = {isa = PBXBuildFile; fileRef = 634A7F771427564C0001BF57 /* MapKit.framework */; };
		634A7F831427DC8B0001BF57 /* CoreMotion.framework in Frameworks */ = {isa = PBXBuildFile; fileRef = 634A7F821427DC8B0001BF57 /* CoreMotion.framework */; };
		634A7F861427DFE90001BF57 /* Stroke.m in Sources */ = {isa = PBXBuildFile; fileRef = 634A7F851427DFE90001BF57 /* Stroke.m */; };
		634A7F8C1428B19A0001BF57 /* stroke.filt in Resources */ = {isa = PBXBuildFile; fileRef = 634A7F8B1428B19A0001BF57 /* stroke.filt */; };
		634A7F8F1428B2240001BF57 /* Filter.m in Sources */ = {isa = PBXBuildFile; fileRef = 634A7F8E1428B2240001BF57 /* Filter.m */; };
		634A7F981428B3C10001BF57 /* Vector.m in Sources */ = {isa = PBXBuildFile; fileRef = 634A7F961428B3C10001BF57 /* Vector.m */; };
		634A7F9E1429CA880001BF57 /* Matrix.m in Sources */ = {isa = PBXBuildFile; fileRef = 634A7F9D1429CA880001BF57 /* Matrix.m */; };
		634A7FA11429CF5B0001BF57 /* Matrix+operations.m in Sources */ = {isa = PBXBuildFile; fileRef = 634A7FA01429CF5B0001BF57 /* Matrix+operations.m */; };
		6354A904142C7CCA00562991 /* start-button.png in Resources */ = {isa = PBXBuildFile; fileRef = 6354A902142C7CCA00562991 /* start-button.png */; };
		6354A905142C7CCA00562991 /* start-button-highlight.png in Resources */ = {isa = PBXBuildFile; fileRef = 6354A903142C7CCA00562991 /* start-button-highlight.png */; };
		6354A909142C7EC800562991 /* stop-button.png in Resources */ = {isa = PBXBuildFile; fileRef = 6354A907142C7EC800562991 /* stop-button.png */; };
		6354A90A142C7EC800562991 /* stop-button-highlight.png in Resources */ = {isa = PBXBuildFile; fileRef = 6354A908142C7EC800562991 /* stop-button-highlight.png */; };
		63AE97071430492100C63178 /* Course.m in Sources */ = {isa = PBXBuildFile; fileRef = 63AE97061430492100C63178 /* Course.m */; };
		63AE970A1430E48E00C63178 /* Settings.m in Sources */ = {isa = PBXBuildFile; fileRef = 63AE97091430E48E00C63178 /* Settings.m */; };
		63AE97171439817A00C63178 /* leftarrow.png in Resources */ = {isa = PBXBuildFile; fileRef = 63AE97151439817A00C63178 /* leftarrow.png */; };
		63AE97181439817A00C63178 /* rightarrow.png in Resources */ = {isa = PBXBuildFile; fileRef = 63AE97161439817A00C63178 /* rightarrow.png */; };
		63AE971A143A5F9300C63178 /* PLBlueMinus@2x.png in Resources */ = {isa = PBXBuildFile; fileRef = 63AE9719143A5F9300C63178 /* PLBlueMinus@2x.png */; };
		63AE9720143BA50600C63178 /* UIButtonBarLocate.png in Resources */ = {isa = PBXBuildFile; fileRef = 63AE971F143BA50600C63178 /* UIButtonBarLocate.png */; };
		63AE9728143CD66E00C63178 /* green-normal.png in Resources */ = {isa = PBXBuildFile; fileRef = 63AE9725143CD66D00C63178 /* green-normal.png */; };
		63AE9729143CD66E00C63178 /* green-highlighted.png in Resources */ = {isa = PBXBuildFile; fileRef = 63AE9726143CD66D00C63178 /* green-highlighted.png */; };
		63AE972A143CD66E00C63178 /* green-disabled.png in Resources */ = {isa = PBXBuildFile; fileRef = 63AE9727143CD66D00C63178 /* green-disabled.png */; };
		63AE9736143CF9D300C63178 /* gray-normal.png in Resources */ = {isa = PBXBuildFile; fileRef = 63AE9733143CF9D200C63178 /* gray-normal.png */; };
		63AE9737143CF9D300C63178 /* gray-highlighted.png in Resources */ = {isa = PBXBuildFile; fileRef = 63AE9734143CF9D200C63178 /* gray-highlighted.png */; };
		63AE9738143CF9D300C63178 /* gray-disabled.png in Resources */ = {isa = PBXBuildFile; fileRef = 63AE9735143CF9D300C63178 /* gray-disabled.png */; };
		63AE973F14405EF400C63178 /* wait-button.png in Resources */ = {isa = PBXBuildFile; fileRef = 63AE973D14405EF100C63178 /* wait-button.png */; };
		63AE974014405EF400C63178 /* wait-button-highlight.png in Resources */ = {isa = PBXBuildFile; fileRef = 63AE973E14405EF300C63178 /* wait-button-highlight.png */; };
		63B7D5D0142E4B4E0068BB62 /* GKClearButton@2x.png in Resources */ = {isa = PBXBuildFile; fileRef = 63B7D5CF142E4B4E0068BB62 /* GKClearButton@2x.png */; };
		63B7D5D3142E4B600068BB62 /* GKClearButton.png in Resources */ = {isa = PBXBuildFile; fileRef = 63B7D5D2142E4B600068BB62 /* GKClearButton.png */; };
/* End PBXBuildFile section */

/* Begin PBXFileReference section */
		6319A66C14263D590035EB18 /* iRow.app */ = {isa = PBXFileReference; explicitFileType = wrapper.application; includeInIndex = 0; path = iRow.app; sourceTree = BUILT_PRODUCTS_DIR; };
		6319A67014263D590035EB18 /* UIKit.framework */ = {isa = PBXFileReference; lastKnownFileType = wrapper.framework; name = UIKit.framework; path = System/Library/Frameworks/UIKit.framework; sourceTree = SDKROOT; };
		6319A67214263D590035EB18 /* Foundation.framework */ = {isa = PBXFileReference; lastKnownFileType = wrapper.framework; name = Foundation.framework; path = System/Library/Frameworks/Foundation.framework; sourceTree = SDKROOT; };
		6319A67414263D590035EB18 /* CoreGraphics.framework */ = {isa = PBXFileReference; lastKnownFileType = wrapper.framework; name = CoreGraphics.framework; path = System/Library/Frameworks/CoreGraphics.framework; sourceTree = SDKROOT; };
		6319A67814263D590035EB18 /* iRow-Info.plist */ = {isa = PBXFileReference; lastKnownFileType = text.plist.xml; path = "iRow-Info.plist"; sourceTree = "<group>"; };
		6319A67A14263D590035EB18 /* en */ = {isa = PBXFileReference; lastKnownFileType = text.plist.strings; name = en; path = en.lproj/InfoPlist.strings; sourceTree = "<group>"; };
		6319A67C14263D590035EB18 /* main.m */ = {isa = PBXFileReference; lastKnownFileType = sourcecode.c.objc; path = main.m; sourceTree = "<group>"; };
		6319A67E14263D590035EB18 /* iRow-Prefix.pch */ = {isa = PBXFileReference; lastKnownFileType = sourcecode.c.h; path = "iRow-Prefix.pch"; sourceTree = "<group>"; };
		6319A67F14263D590035EB18 /* iRowAppDelegate.h */ = {isa = PBXFileReference; lastKnownFileType = sourcecode.c.h; path = iRowAppDelegate.h; sourceTree = "<group>"; };
		6319A68014263D590035EB18 /* iRowAppDelegate.m */ = {isa = PBXFileReference; lastKnownFileType = sourcecode.c.objc; path = iRowAppDelegate.m; sourceTree = "<group>"; };
		6319A68214263D590035EB18 /* ErgometerViewController.h */ = {isa = PBXFileReference; lastKnownFileType = sourcecode.c.h; path = ErgometerViewController.h; sourceTree = "<group>"; };
		6319A68314263D590035EB18 /* ErgometerViewController.m */ = {isa = PBXFileReference; lastKnownFileType = sourcecode.c.objc; path = ErgometerViewController.m; sourceTree = "<group>"; };
		6319A68514263D590035EB18 /* first.png */ = {isa = PBXFileReference; lastKnownFileType = image.png; path = first.png; sourceTree = "<group>"; };
		6319A68714263D590035EB18 /* first@2x.png */ = {isa = PBXFileReference; lastKnownFileType = image.png; path = "first@2x.png"; sourceTree = "<group>"; };
		6319A68914263D590035EB18 /* MapViewController.h */ = {isa = PBXFileReference; lastKnownFileType = sourcecode.c.h; path = MapViewController.h; sourceTree = "<group>"; };
		6319A68A14263D590035EB18 /* MapViewController.m */ = {isa = PBXFileReference; lastKnownFileType = sourcecode.c.objc; path = MapViewController.m; sourceTree = "<group>"; };
		6319A68C14263D590035EB18 /* second.png */ = {isa = PBXFileReference; lastKnownFileType = image.png; path = second.png; sourceTree = "<group>"; };
		6319A68E14263D590035EB18 /* second@2x.png */ = {isa = PBXFileReference; lastKnownFileType = image.png; path = "second@2x.png"; sourceTree = "<group>"; };
		6319A69114263D590035EB18 /* en */ = {isa = PBXFileReference; lastKnownFileType = file.xib; name = en; path = en.lproj/ErgometerViewController.xib; sourceTree = "<group>"; };
		6319A69414263D590035EB18 /* en */ = {isa = PBXFileReference; lastKnownFileType = file.xib; name = en; path = en.lproj/MapViewController.xib; sourceTree = "<group>"; };
		634A7F68142647270001BF57 /* CoreLocation.framework */ = {isa = PBXFileReference; lastKnownFileType = wrapper.framework; name = CoreLocation.framework; path = System/Library/Frameworks/CoreLocation.framework; sourceTree = SDKROOT; };
		634A7F6F1427311F0001BF57 /* Track.h */ = {isa = PBXFileReference; fileEncoding = 4; lastKnownFileType = sourcecode.c.h; path = Track.h; sourceTree = "<group>"; };
		634A7F701427311F0001BF57 /* Track.m */ = {isa = PBXFileReference; fileEncoding = 4; lastKnownFileType = sourcecode.c.objc; path = Track.m; sourceTree = "<group>"; };
		634A7F771427564C0001BF57 /* MapKit.framework */ = {isa = PBXFileReference; lastKnownFileType = wrapper.framework; name = MapKit.framework; path = System/Library/Frameworks/MapKit.framework; sourceTree = SDKROOT; };
		634A7F821427DC8B0001BF57 /* CoreMotion.framework */ = {isa = PBXFileReference; lastKnownFileType = wrapper.framework; name = CoreMotion.framework; path = System/Library/Frameworks/CoreMotion.framework; sourceTree = SDKROOT; };
		634A7F841427DFE90001BF57 /* Stroke.h */ = {isa = PBXFileReference; fileEncoding = 4; lastKnownFileType = sourcecode.c.h; path = Stroke.h; sourceTree = "<group>"; };
		634A7F851427DFE90001BF57 /* Stroke.m */ = {isa = PBXFileReference; fileEncoding = 4; lastKnownFileType = sourcecode.c.objc; path = Stroke.m; sourceTree = "<group>"; };
		634A7F8B1428B19A0001BF57 /* stroke.filt */ = {isa = PBXFileReference; lastKnownFileType = file; path = stroke.filt; sourceTree = "<group>"; };
		634A7F8D1428B2240001BF57 /* Filter.h */ = {isa = PBXFileReference; fileEncoding = 4; lastKnownFileType = sourcecode.c.h; path = Filter.h; sourceTree = "<group>"; };
		634A7F8E1428B2240001BF57 /* Filter.m */ = {isa = PBXFileReference; fileEncoding = 4; lastKnownFileType = sourcecode.c.objc; path = Filter.m; sourceTree = "<group>"; };
		634A7F961428B3C10001BF57 /* Vector.m */ = {isa = PBXFileReference; fileEncoding = 4; lastKnownFileType = sourcecode.c.objc; name = Vector.m; path = ../../iSTI/Vector.m; sourceTree = "<group>"; };
		634A7F971428B3C10001BF57 /* Vector.h */ = {isa = PBXFileReference; fileEncoding = 4; lastKnownFileType = sourcecode.c.h; name = Vector.h; path = ../../iSTI/Vector.h; sourceTree = "<group>"; };
		634A7F9C1429CA880001BF57 /* Matrix.h */ = {isa = PBXFileReference; fileEncoding = 4; lastKnownFileType = sourcecode.c.h; name = Matrix.h; path = ../../iSTI/Matrix.h; sourceTree = "<group>"; };
		634A7F9D1429CA880001BF57 /* Matrix.m */ = {isa = PBXFileReference; fileEncoding = 4; lastKnownFileType = sourcecode.c.objc; name = Matrix.m; path = ../../iSTI/Matrix.m; sourceTree = "<group>"; };
		634A7F9F1429CF5B0001BF57 /* Matrix+operations.h */ = {isa = PBXFileReference; fileEncoding = 4; lastKnownFileType = sourcecode.c.h; path = "Matrix+operations.h"; sourceTree = "<group>"; };
		634A7FA01429CF5B0001BF57 /* Matrix+operations.m */ = {isa = PBXFileReference; fileEncoding = 4; lastKnownFileType = sourcecode.c.objc; path = "Matrix+operations.m"; sourceTree = "<group>"; };
		6354A902142C7CCA00562991 /* start-button.png */ = {isa = PBXFileReference; lastKnownFileType = image.png; name = "start-button.png"; path = "lib/start-button.png"; sourceTree = SOURCE_ROOT; };
		6354A903142C7CCA00562991 /* start-button-highlight.png */ = {isa = PBXFileReference; lastKnownFileType = image.png; name = "start-button-highlight.png"; path = "lib/start-button-highlight.png"; sourceTree = SOURCE_ROOT; };
		6354A907142C7EC800562991 /* stop-button.png */ = {isa = PBXFileReference; lastKnownFileType = image.png; name = "stop-button.png"; path = "lib/stop-button.png"; sourceTree = SOURCE_ROOT; };
		6354A908142C7EC800562991 /* stop-button-highlight.png */ = {isa = PBXFileReference; lastKnownFileType = image.png; name = "stop-button-highlight.png"; path = "lib/stop-button-highlight.png"; sourceTree = SOURCE_ROOT; };
		63AE97051430492100C63178 /* Course.h */ = {isa = PBXFileReference; fileEncoding = 4; lastKnownFileType = sourcecode.c.h; path = Course.h; sourceTree = "<group>"; };
		63AE97061430492100C63178 /* Course.m */ = {isa = PBXFileReference; fileEncoding = 4; lastKnownFileType = sourcecode.c.objc; path = Course.m; sourceTree = "<group>"; };
		63AE97081430E48E00C63178 /* Settings.h */ = {isa = PBXFileReference; fileEncoding = 4; lastKnownFileType = sourcecode.c.h; path = Settings.h; sourceTree = "<group>"; };
		63AE97091430E48E00C63178 /* Settings.m */ = {isa = PBXFileReference; fileEncoding = 4; lastKnownFileType = sourcecode.c.objc; path = Settings.m; sourceTree = "<group>"; };
		63AE97151439817A00C63178 /* leftarrow.png */ = {isa = PBXFileReference; lastKnownFileType = image.png; name = leftarrow.png; path = "../../../../Desktop/iPhone Simulator 5.0 artwork/EventKitUI framework/leftarrow.png"; sourceTree = "<group>"; };
		63AE97161439817A00C63178 /* rightarrow.png */ = {isa = PBXFileReference; lastKnownFileType = image.png; name = rightarrow.png; path = "../../../../Desktop/iPhone Simulator 5.0 artwork/EventKitUI framework/rightarrow.png"; sourceTree = "<group>"; };
		63AE9719143A5F9300C63178 /* PLBlueMinus@2x.png */ = {isa = PBXFileReference; lastKnownFileType = image.png; path = "PLBlueMinus@2x.png"; sourceTree = "<group>"; };
		63AE971F143BA50600C63178 /* UIButtonBarLocate.png */ = {isa = PBXFileReference; lastKnownFileType = image.png; path = UIButtonBarLocate.png; sourceTree = "<group>"; };
		63AE9725143CD66D00C63178 /* green-normal.png */ = {isa = PBXFileReference; lastKnownFileType = image.png; path = "green-normal.png"; sourceTree = "<group>"; };
		63AE9726143CD66D00C63178 /* green-highlighted.png */ = {isa = PBXFileReference; lastKnownFileType = image.png; path = "green-highlighted.png"; sourceTree = "<group>"; };
		63AE9727143CD66D00C63178 /* green-disabled.png */ = {isa = PBXFileReference; lastKnownFileType = image.png; path = "green-disabled.png"; sourceTree = "<group>"; };
		63AE9733143CF9D200C63178 /* gray-normal.png */ = {isa = PBXFileReference; lastKnownFileType = image.png; path = "gray-normal.png"; sourceTree = "<group>"; };
		63AE9734143CF9D200C63178 /* gray-highlighted.png */ = {isa = PBXFileReference; lastKnownFileType = image.png; path = "gray-highlighted.png"; sourceTree = "<group>"; };
		63AE9735143CF9D300C63178 /* gray-disabled.png */ = {isa = PBXFileReference; lastKnownFileType = image.png; path = "gray-disabled.png"; sourceTree = "<group>"; };
		63AE973D14405EF100C63178 /* wait-button.png */ = {isa = PBXFileReference; lastKnownFileType = image.png; path = "wait-button.png"; sourceTree = "<group>"; };
		63AE973E14405EF300C63178 /* wait-button-highlight.png */ = {isa = PBXFileReference; lastKnownFileType = image.png; path = "wait-button-highlight.png"; sourceTree = "<group>"; };
		63B7D5CF142E4B4E0068BB62 /* GKClearButton@2x.png */ = {isa = PBXFileReference; lastKnownFileType = image.png; name = "GKClearButton@2x.png"; path = "../../../../Desktop/iPhone Simulator 4.3 artwork/AddressBookUI framework/GKClearButton@2x.png"; sourceTree = "<group>"; };
		63B7D5D2142E4B600068BB62 /* GKClearButton.png */ = {isa = PBXFileReference; lastKnownFileType = image.png; name = GKClearButton.png; path = "../../../../Desktop/iPhone Simulator 4.3 artwork/GameKit framework/GKClearButton.png"; sourceTree = "<group>"; };
/* End PBXFileReference section */

/* Begin PBXFrameworksBuildPhase section */
		6319A66914263D590035EB18 /* Frameworks */ = {
			isa = PBXFrameworksBuildPhase;
			buildActionMask = 2147483647;
			files = (
				634A7F831427DC8B0001BF57 /* CoreMotion.framework in Frameworks */,
				634A7F781427564C0001BF57 /* MapKit.framework in Frameworks */,
				634A7F69142647270001BF57 /* CoreLocation.framework in Frameworks */,
				6319A67114263D590035EB18 /* UIKit.framework in Frameworks */,
				6319A67314263D590035EB18 /* Foundation.framework in Frameworks */,
				6319A67514263D590035EB18 /* CoreGraphics.framework in Frameworks */,
			);
			runOnlyForDeploymentPostprocessing = 0;
		};
/* End PBXFrameworksBuildPhase section */

/* Begin PBXGroup section */
		6319A66114263D590035EB18 = {
			isa = PBXGroup;
			children = (
				6319A67614263D590035EB18 /* iRow */,
				634A7F871428AF840001BF57 /* signal processing */,
				6319A66F14263D590035EB18 /* Frameworks */,
				6319A66D14263D590035EB18 /* Products */,
			);
			sourceTree = "<group>";
		};
		6319A66D14263D590035EB18 /* Products */ = {
			isa = PBXGroup;
			children = (
				6319A66C14263D590035EB18 /* iRow.app */,
			);
			name = Products;
			sourceTree = "<group>";
		};
		6319A66F14263D590035EB18 /* Frameworks */ = {
			isa = PBXGroup;
			children = (
				634A7F821427DC8B0001BF57 /* CoreMotion.framework */,
				634A7F771427564C0001BF57 /* MapKit.framework */,
				634A7F68142647270001BF57 /* CoreLocation.framework */,
				6319A67014263D590035EB18 /* UIKit.framework */,
				6319A67214263D590035EB18 /* Foundation.framework */,
				6319A67414263D590035EB18 /* CoreGraphics.framework */,
			);
			name = Frameworks;
			sourceTree = "<group>";
		};
		6319A67614263D590035EB18 /* iRow */ = {
			isa = PBXGroup;
			children = (
				6319A67F14263D590035EB18 /* iRowAppDelegate.h */,
				6319A68014263D590035EB18 /* iRowAppDelegate.m */,
				6319A68214263D590035EB18 /* ErgometerViewController.h */,
				6319A68314263D590035EB18 /* ErgometerViewController.m */,
				634A7F841427DFE90001BF57 /* Stroke.h */,
				634A7F851427DFE90001BF57 /* Stroke.m */,
				634A7F6F1427311F0001BF57 /* Track.h */,
				634A7F701427311F0001BF57 /* Track.m */,
				63AE97051430492100C63178 /* Course.h */,
				63AE97061430492100C63178 /* Course.m */,
				6319A68914263D590035EB18 /* MapViewController.h */,
				6319A68A14263D590035EB18 /* MapViewController.m */,
				63AE97081430E48E00C63178 /* Settings.h */,
				63AE97091430E48E00C63178 /* Settings.m */,
				6319A69014263D590035EB18 /* ErgometerViewController.xib */,
				6319A69314263D590035EB18 /* MapViewController.xib */,
				6319A67714263D590035EB18 /* Supporting Files */,
			);
			path = iRow;
			sourceTree = "<group>";
		};
		6319A67714263D590035EB18 /* Supporting Files */ = {
			isa = PBXGroup;
			children = (
				63AE973D14405EF100C63178 /* wait-button.png */,
				63AE973E14405EF300C63178 /* wait-button-highlight.png */,
				63AE9733143CF9D200C63178 /* gray-normal.png */,
				63AE9734143CF9D200C63178 /* gray-highlighted.png */,
				63AE9735143CF9D300C63178 /* gray-disabled.png */,
				63AE9725143CD66D00C63178 /* green-normal.png */,
				63AE9726143CD66D00C63178 /* green-highlighted.png */,
				63AE9727143CD66D00C63178 /* green-disabled.png */,
				63AE971F143BA50600C63178 /* UIButtonBarLocate.png */,
				63AE9719143A5F9300C63178 /* PLBlueMinus@2x.png */,
				63AE97151439817A00C63178 /* leftarrow.png */,
				63AE97161439817A00C63178 /* rightarrow.png */,
				63B7D5D2142E4B600068BB62 /* GKClearButton.png */,
				63B7D5CF142E4B4E0068BB62 /* GKClearButton@2x.png */,
				6354A907142C7EC800562991 /* stop-button.png */,
				6354A908142C7EC800562991 /* stop-button-highlight.png */,
				6354A902142C7CCA00562991 /* start-button.png */,
				6354A903142C7CCA00562991 /* start-button-highlight.png */,
				634A7F8B1428B19A0001BF57 /* stroke.filt */,
				6319A68514263D590035EB18 /* first.png */,
				6319A68714263D590035EB18 /* first@2x.png */,
				6319A68C14263D590035EB18 /* second.png */,
				6319A68E14263D590035EB18 /* second@2x.png */,
				6319A67814263D590035EB18 /* iRow-Info.plist */,
				6319A67914263D590035EB18 /* InfoPlist.strings */,
				6319A67C14263D590035EB18 /* main.m */,
				6319A67E14263D590035EB18 /* iRow-Prefix.pch */,
			);
			name = "Supporting Files";
			sourceTree = "<group>";
		};
		634A7F871428AF840001BF57 /* signal processing */ = {
			isa = PBXGroup;
			children = (
				634A7F9C1429CA880001BF57 /* Matrix.h */,
				634A7F9D1429CA880001BF57 /* Matrix.m */,
				634A7F971428B3C10001BF57 /* Vector.h */,
				634A7F961428B3C10001BF57 /* Vector.m */,
				634A7F8D1428B2240001BF57 /* Filter.h */,
				634A7F8E1428B2240001BF57 /* Filter.m */,
				634A7F9F1429CF5B0001BF57 /* Matrix+operations.h */,
				634A7FA01429CF5B0001BF57 /* Matrix+operations.m */,
			);
			name = "signal processing";
			path = iRow;
			sourceTree = "<group>";
		};
/* End PBXGroup section */

/* Begin PBXNativeTarget section */
		6319A66B14263D590035EB18 /* iRow */ = {
			isa = PBXNativeTarget;
			buildConfigurationList = 6319A69814263D590035EB18 /* Build configuration list for PBXNativeTarget "iRow" */;
			buildPhases = (
				6319A66814263D590035EB18 /* Sources */,
				6319A66914263D590035EB18 /* Frameworks */,
				6319A66A14263D590035EB18 /* Resources */,
			);
			buildRules = (
			);
			dependencies = (
			);
			name = iRow;
			productName = iRow;
			productReference = 6319A66C14263D590035EB18 /* iRow.app */;
			productType = "com.apple.product-type.application";
		};
/* End PBXNativeTarget section */

/* Begin PBXProject section */
		6319A66314263D590035EB18 /* Project object */ = {
			isa = PBXProject;
			attributes = {
				ORGANIZATIONNAME = strApps;
			};
			buildConfigurationList = 6319A66614263D590035EB18 /* Build configuration list for PBXProject "iRow" */;
			compatibilityVersion = "Xcode 3.2";
			developmentRegion = English;
			hasScannedForEncodings = 0;
			knownRegions = (
				en,
			);
			mainGroup = 6319A66114263D590035EB18;
			productRefGroup = 6319A66D14263D590035EB18 /* Products */;
			projectDirPath = "";
			projectRoot = "";
			targets = (
				6319A66B14263D590035EB18 /* iRow */,
			);
		};
/* End PBXProject section */

/* Begin PBXResourcesBuildPhase section */
		6319A66A14263D590035EB18 /* Resources */ = {
			isa = PBXResourcesBuildPhase;
			buildActionMask = 2147483647;
			files = (
				6319A67B14263D590035EB18 /* InfoPlist.strings in Resources */,
				6319A68614263D590035EB18 /* first.png in Resources */,
				6319A68814263D590035EB18 /* first@2x.png in Resources */,
				6319A68D14263D590035EB18 /* second.png in Resources */,
				6319A68F14263D590035EB18 /* second@2x.png in Resources */,
				6319A69214263D590035EB18 /* ErgometerViewController.xib in Resources */,
				6319A69514263D590035EB18 /* MapViewController.xib in Resources */,
				634A7F8C1428B19A0001BF57 /* stroke.filt in Resources */,
				6354A904142C7CCA00562991 /* start-button.png in Resources */,
				6354A905142C7CCA00562991 /* start-button-highlight.png in Resources */,
				6354A909142C7EC800562991 /* stop-button.png in Resources */,
				6354A90A142C7EC800562991 /* stop-button-highlight.png in Resources */,
				63B7D5D0142E4B4E0068BB62 /* GKClearButton@2x.png in Resources */,
				63B7D5D3142E4B600068BB62 /* GKClearButton.png in Resources */,
				63AE97171439817A00C63178 /* leftarrow.png in Resources */,
				63AE97181439817A00C63178 /* rightarrow.png in Resources */,
				63AE971A143A5F9300C63178 /* PLBlueMinus@2x.png in Resources */,
				63AE9720143BA50600C63178 /* UIButtonBarLocate.png in Resources */,
				63AE9728143CD66E00C63178 /* green-normal.png in Resources */,
				63AE9729143CD66E00C63178 /* green-highlighted.png in Resources */,
				63AE972A143CD66E00C63178 /* green-disabled.png in Resources */,
				63AE9736143CF9D300C63178 /* gray-normal.png in Resources */,
				63AE9737143CF9D300C63178 /* gray-highlighted.png in Resources */,
				63AE9738143CF9D300C63178 /* gray-disabled.png in Resources */,
				63AE973F14405EF400C63178 /* wait-button.png in Resources */,
				63AE974014405EF400C63178 /* wait-button-highlight.png in Resources */,
			);
			runOnlyForDeploymentPostprocessing = 0;
		};
/* End PBXResourcesBuildPhase section */

/* Begin PBXSourcesBuildPhase section */
		6319A66814263D590035EB18 /* Sources */ = {
			isa = PBXSourcesBuildPhase;
			buildActionMask = 2147483647;
			files = (
				6319A67D14263D590035EB18 /* main.m in Sources */,
				6319A68114263D590035EB18 /* iRowAppDelegate.m in Sources */,
				6319A68414263D590035EB18 /* ErgometerViewController.m in Sources */,
				6319A68B14263D590035EB18 /* MapViewController.m in Sources */,
				634A7F711427311F0001BF57 /* Track.m in Sources */,
				634A7F861427DFE90001BF57 /* Stroke.m in Sources */,
				634A7F8F1428B2240001BF57 /* Filter.m in Sources */,
				634A7F981428B3C10001BF57 /* Vector.m in Sources */,
				634A7F9E1429CA880001BF57 /* Matrix.m in Sources */,
				634A7FA11429CF5B0001BF57 /* Matrix+operations.m in Sources */,
				63AE97071430492100C63178 /* Course.m in Sources */,
				63AE970A1430E48E00C63178 /* Settings.m in Sources */,
			);
			runOnlyForDeploymentPostprocessing = 0;
		};
/* End PBXSourcesBuildPhase section */

/* Begin PBXVariantGroup section */
		6319A67914263D590035EB18 /* InfoPlist.strings */ = {
			isa = PBXVariantGroup;
			children = (
				6319A67A14263D590035EB18 /* en */,
			);
			name = InfoPlist.strings;
			sourceTree = "<group>";
		};
		6319A69014263D590035EB18 /* ErgometerViewController.xib */ = {
			isa = PBXVariantGroup;
			children = (
				6319A69114263D590035EB18 /* en */,
			);
			name = ErgometerViewController.xib;
			sourceTree = "<group>";
		};
		6319A69314263D590035EB18 /* MapViewController.xib */ = {
			isa = PBXVariantGroup;
			children = (
				6319A69414263D590035EB18 /* en */,
			);
			name = MapViewController.xib;
			sourceTree = "<group>";
		};
/* End PBXVariantGroup section */

/* Begin XCBuildConfiguration section */
		6319A69614263D590035EB18 /* Debug */ = {
			isa = XCBuildConfiguration;
			buildSettings = {
				ALWAYS_SEARCH_USER_PATHS = NO;
				ARCHS = "$(ARCHS_STANDARD_32_BIT)";
				CLANG_ENABLE_OBJC_ARC = YES;
				CODE_SIGN_IDENTITY = "iPhone Developer";
				"CODE_SIGN_IDENTITY[sdk=iphoneos*]" = "iPhone Developer";
				COPY_PHASE_STRIP = NO;
				GCC_C_LANGUAGE_STANDARD = gnu99;
				GCC_DYNAMIC_NO_PIC = NO;
				GCC_OPTIMIZATION_LEVEL = 0;
				GCC_PREPROCESSOR_DEFINITIONS = (
					"DEBUG=1",
					"$(inherited)",
				);
				GCC_SYMBOLS_PRIVATE_EXTERN = NO;
				GCC_VERSION = com.apple.compilers.llvm.clang.1_0;
				GCC_WARN_ABOUT_MISSING_PROTOTYPES = YES;
				GCC_WARN_ABOUT_RETURN_TYPE = YES;
				GCC_WARN_UNUSED_VARIABLE = YES;
				IPHONEOS_DEPLOYMENT_TARGET = 4.2;
				PROVISIONING_PROFILE = "";
				SDKROOT = iphoneos;
			};
			name = Debug;
		};
		6319A69714263D590035EB18 /* Release */ = {
			isa = XCBuildConfiguration;
			buildSettings = {
				ALWAYS_SEARCH_USER_PATHS = NO;
				ARCHS = "$(ARCHS_STANDARD_32_BIT)";
				CLANG_ENABLE_OBJC_ARC = YES;
				CODE_SIGN_IDENTITY = "iPhone Developer";
				"CODE_SIGN_IDENTITY[sdk=iphoneos*]" = "iPhone Developer";
				COPY_PHASE_STRIP = YES;
				GCC_C_LANGUAGE_STANDARD = gnu99;
				GCC_VERSION = com.apple.compilers.llvm.clang.1_0;
				GCC_WARN_ABOUT_MISSING_PROTOTYPES = YES;
				GCC_WARN_ABOUT_RETURN_TYPE = YES;
				GCC_WARN_UNUSED_VARIABLE = YES;
				IPHONEOS_DEPLOYMENT_TARGET = 4.2;
				OTHER_CFLAGS = "-DNS_BLOCK_ASSERTIONS=1";
				PROVISIONING_PROFILE = "";
				SDKROOT = iphoneos;
				VALIDATE_PRODUCT = YES;
			};
			name = Release;
		};
		6319A69914263D590035EB18 /* Debug */ = {
			isa = XCBuildConfiguration;
			buildSettings = {
				GCC_PRECOMPILE_PREFIX_HEADER = YES;
				GCC_PREFIX_HEADER = "iRow/iRow-Prefix.pch";
				INFOPLIST_FILE = "iRow/iRow-Info.plist";
				PRODUCT_NAME = "$(TARGET_NAME)";
				WRAPPER_EXTENSION = app;
			};
			name = Debug;
		};
		6319A69A14263D590035EB18 /* Release */ = {
			isa = XCBuildConfiguration;
			buildSettings = {
				GCC_PRECOMPILE_PREFIX_HEADER = YES;
				GCC_PREFIX_HEADER = "iRow/iRow-Prefix.pch";
				INFOPLIST_FILE = "iRow/iRow-Info.plist";
				PRODUCT_NAME = "$(TARGET_NAME)";
				WRAPPER_EXTENSION = app;
			};
			name = Release;
		};
/* End XCBuildConfiguration section */

/* Begin XCConfigurationList section */
		6319A66614263D590035EB18 /* Build configuration list for PBXProject "iRow" */ = {
			isa = XCConfigurationList;
			buildConfigurations = (
				6319A69614263D590035EB18 /* Debug */,
				6319A69714263D590035EB18 /* Release */,
			);
			defaultConfigurationIsVisible = 0;
			defaultConfigurationName = Release;
		};
		6319A69814263D590035EB18 /* Build configuration list for PBXNativeTarget "iRow" */ = {
			isa = XCConfigurationList;
			buildConfigurations = (
				6319A69914263D590035EB18 /* Debug */,
				6319A69A14263D590035EB18 /* Release */,
			);
			defaultConfigurationIsVisible = 0;
			defaultConfigurationName = Release;
		};
/* End XCConfigurationList section */
	};
	rootObject = 6319A66314263D590035EB18 /* Project object */;
}
